
Microsoft Visual Studio Solution File, Format Version 12.00
# Visual Studio Version 16
VisualStudioVersion = 16.0.29728.190
MinimumVisualStudioVersion = 10.0.40219.1
Project("{FAE04EC0-301F-11D3-BF4B-00C04F79EFBC}") = "rapid-moose", "rapid-moose\rapid-moose.csproj", "{20321F49-B7E3-4B83-B81F-20AD598A6779}"
EndProject
Global
	GlobalSection(SolutionConfigurationPlatforms) = preSolution
		Debug|Any CPU = Debug|Any CPU
		Release|Any CPU = Release|Any CPU
	EndGlobalSection
	GlobalSection(ProjectConfigurationPlatforms) = postSolution
		{20321F49-B7E3-4B83-B81F-20AD598A6779}.Debug|Any CPU.ActiveCfg = Debug|Any CPU
		{20321F49-B7E3-4B83-B81F-20AD598A6779}.Debug|Any CPU.Build.0 = Debug|Any CPU
		{20321F49-B7E3-4B83-B81F-20AD598A6779}.Release|Any CPU.ActiveCfg = Release|Any CPU
		{20321F49-B7E3-4B83-B81F-20AD598A6779}.Release|Any CPU.Build.0 = Release|Any CPU
	EndGlobalSection
	GlobalSection(SolutionProperties) = preSolution
		HideSolutionNode = FALSE
	EndGlobalSection
	GlobalSection(ExtensibilityGlobals) = postSolution
		SolutionGuid = {94F7A60F-36B8-416D-8FB5-ED5E59419414}
	EndGlobalSection
EndGlobal
